
Microsoft Visual Studio Solution File, Format Version 12.00
# Visual Studio 14
VisualStudioVersion = 14.0.24720.0
MinimumVisualStudioVersion = 10.0.40219.1
Project("{8BC9CEB8-8B4A-11D0-8D11-00A0C91BC942}") = "ThreadPool", "ThreadPool\ThreadPool.vcxproj", "{38118877-0001-4134-8DD3-A0B11B95DEB5}"
EndProject
Project("{8BC9CEB8-8B4A-11D0-8D11-00A0C91BC942}") = "DependencyAnalysis", "DependencyAnalysis\DependencyAnalysis.vcxproj", "{64814829-1CED-4A99-A969-F9DB6093542D}"
EndProject
Project("{8BC9CEB8-8B4A-11D0-8D11-00A0C91BC942}") = "Tasks", "Tasks\Tasks.vcxproj", "{7DE7DA28-EE39-4BDC-86E2-788E1962E150}"
EndProject
Project("{8BC9CEB8-8B4A-11D0-8D11-00A0C91BC942}") = "TypeAnalysis", "TypeAnalysis\TypeAnalysis.vcxproj", "{C96F2F02-18FC-468E-AB16-CE1246A69B87}"
EndProject
Project("{8BC9CEB8-8B4A-11D0-8D11-00A0C91BC942}") = "ParallelDependencyAnalysis", "ParallelDependencyAnalysis\ParallelDependencyAnalysis.vcxproj", "{4DBE97F3-7290-4B74-B755-68EE5697ED68}"
EndProject
Project("{8BC9CEB8-8B4A-11D0-8D11-00A0C91BC942}") = "ParallelDependencyExecutive", "ParallelDependencyExecutive\ParallelDependencyExecutive.vcxproj", "{81624AFF-6E28-40F4-B9F3-FE4571817352}"
EndProject
Project("{8BC9CEB8-8B4A-11D0-8D11-00A0C91BC942}") = "AST", "AST\AST.vcxproj", "{1AB3B1E5-6F5C-447A-A5C3-4AB565ED828D}"
EndProject
Project("{8BC9CEB8-8B4A-11D0-8D11-00A0C91BC942}") = "FileMngr", "FileMngr\FileMngr.vcxproj", "{3D308C62-5F51-4620-8413-AAD40633BAD7}"
EndProject
Project("{8BC9CEB8-8B4A-11D0-8D11-00A0C91BC942}") = "FileSystemDemo", "FileSystem-Windows\FileSystemDemo\FileSystemDemo.vcxproj", "{EF4A3188-CA93-45A2-AB52-7548669E3AA8}"
EndProject
Project("{8BC9CEB8-8B4A-11D0-8D11-00A0C91BC942}") = "MetricAnalysis", "MetricAnalysis\MetricAnalysis.vcxproj", "{77E3FC51-D60D-4FD9-B6C0-66515668A77E}"
EndProject
Project("{8BC9CEB8-8B4A-11D0-8D11-00A0C91BC942}") = "MtrExecutive", "MtrExecutive\MtrExecutive.vcxproj", "{4B76BEC2-F23B-4C86-BBE2-5EC78986F18C}"
EndProject
Project("{8BC9CEB8-8B4A-11D0-8D11-00A0C91BC942}") = "Parser", "Parser\Parser.vcxproj", "{77BE9964-7862-4D05-AFF0-B42718AAE386}"
EndProject
Project("{8BC9CEB8-8B4A-11D0-8D11-00A0C91BC942}") = "ScopeStack", "ScopeStack\ScopeStack.vcxproj", "{0AE7CD6E-0797-422E-8DB9-407E517624A5}"
EndProject
Project("{8BC9CEB8-8B4A-11D0-8D11-00A0C91BC942}") = "SemiExp", "SemiExp\SemiExp.vcxproj", "{C1131546-C8AE-4A24-A866-4A28DFDB72B9}"
EndProject
Project("{8BC9CEB8-8B4A-11D0-8D11-00A0C91BC942}") = "Tokenizer", "Tokenizer\Tokenizer.vcxproj", "{FD63AD3D-4A25-4F5C-BD43-1E19192357F2}"
EndProject
Project("{8BC9CEB8-8B4A-11D0-8D11-00A0C91BC942}") = "Utilities", "Utilities\Utilities.vcxproj", "{462B43B2-8B13-4178-BF2A-903F76F1985C}"
EndProject
Project("{8BC9CEB8-8B4A-11D0-8D11-00A0C91BC942}") = "TestProject", "TestProject\TestProject.vcxproj", "{139C7A88-FD08-4A36-8E71-322B14E8E8A1}"
EndProject
Global
	GlobalSection(SolutionConfigurationPlatforms) = preSolution
		Debug|x64 = Debug|x64
		Debug|x86 = Debug|x86
		Release|x64 = Release|x64
		Release|x86 = Release|x86
	EndGlobalSection
	GlobalSection(ProjectConfigurationPlatforms) = postSolution
		{38118877-0001-4134-8DD3-A0B11B95DEB5}.Debug|x64.ActiveCfg = Debug|x64
		{38118877-0001-4134-8DD3-A0B11B95DEB5}.Debug|x64.Build.0 = Debug|x64
		{38118877-0001-4134-8DD3-A0B11B95DEB5}.Debug|x86.ActiveCfg = Debug|Win32
		{38118877-0001-4134-8DD3-A0B11B95DEB5}.Debug|x86.Build.0 = Debug|Win32
		{38118877-0001-4134-8DD3-A0B11B95DEB5}.Release|x64.ActiveCfg = Release|x64
		{38118877-0001-4134-8DD3-A0B11B95DEB5}.Release|x64.Build.0 = Release|x64
		{38118877-0001-4134-8DD3-A0B11B95DEB5}.Release|x86.ActiveCfg = Release|Win32
		{38118877-0001-4134-8DD3-A0B11B95DEB5}.Release|x86.Build.0 = Release|Win32
		{64814829-1CED-4A99-A969-F9DB6093542D}.Debug|x64.ActiveCfg = Debug|x64
		{64814829-1CED-4A99-A969-F9DB6093542D}.Debug|x64.Build.0 = Debug|x64
		{64814829-1CED-4A99-A969-F9DB6093542D}.Debug|x86.ActiveCfg = Debug|Win32
		{64814829-1CED-4A99-A969-F9DB6093542D}.Debug|x86.Build.0 = Debug|Win32
		{64814829-1CED-4A99-A969-F9DB6093542D}.Release|x64.ActiveCfg = Release|x64
		{64814829-1CED-4A99-A969-F9DB6093542D}.Release|x64.Build.0 = Release|x64
		{64814829-1CED-4A99-A969-F9DB6093542D}.Release|x86.ActiveCfg = Release|Win32
		{64814829-1CED-4A99-A969-F9DB6093542D}.Release|x86.Build.0 = Release|Win32
		{7DE7DA28-EE39-4BDC-86E2-788E1962E150}.Debug|x64.ActiveCfg = Debug|x64
		{7DE7DA28-EE39-4BDC-86E2-788E1962E150}.Debug|x64.Build.0 = Debug|x64
		{7DE7DA28-EE39-4BDC-86E2-788E1962E150}.Debug|x86.ActiveCfg = Debug|Win32
		{7DE7DA28-EE39-4BDC-86E2-788E1962E150}.Debug|x86.Build.0 = Debug|Win32
		{7DE7DA28-EE39-4BDC-86E2-788E1962E150}.Release|x64.ActiveCfg = Release|x64
		{7DE7DA28-EE39-4BDC-86E2-788E1962E150}.Release|x64.Build.0 = Release|x64
		{7DE7DA28-EE39-4BDC-86E2-788E1962E150}.Release|x86.ActiveCfg = Release|Win32
		{7DE7DA28-EE39-4BDC-86E2-788E1962E150}.Release|x86.Build.0 = Release|Win32
		{C96F2F02-18FC-468E-AB16-CE1246A69B87}.Debug|x64.ActiveCfg = Debug|x64
		{C96F2F02-18FC-468E-AB16-CE1246A69B87}.Debug|x64.Build.0 = Debug|x64
		{C96F2F02-18FC-468E-AB16-CE1246A69B87}.Debug|x86.ActiveCfg = Debug|Win32
		{C96F2F02-18FC-468E-AB16-CE1246A69B87}.Debug|x86.Build.0 = Debug|Win32
		{C96F2F02-18FC-468E-AB16-CE1246A69B87}.Release|x64.ActiveCfg = Release|x64
		{C96F2F02-18FC-468E-AB16-CE1246A69B87}.Release|x64.Build.0 = Release|x64
		{C96F2F02-18FC-468E-AB16-CE1246A69B87}.Release|x86.ActiveCfg = Release|Win32
		{C96F2F02-18FC-468E-AB16-CE1246A69B87}.Release|x86.Build.0 = Release|Win32
		{4DBE97F3-7290-4B74-B755-68EE5697ED68}.Debug|x64.ActiveCfg = Debug|x64
		{4DBE97F3-7290-4B74-B755-68EE5697ED68}.Debug|x64.Build.0 = Debug|x64
		{4DBE97F3-7290-4B74-B755-68EE5697ED68}.Debug|x86.ActiveCfg = Debug|Win32
		{4DBE97F3-7290-4B74-B755-68EE5697ED68}.Debug|x86.Build.0 = Debug|Win32
		{4DBE97F3-7290-4B74-B755-68EE5697ED68}.Release|x64.ActiveCfg = Release|x64
		{4DBE97F3-7290-4B74-B755-68EE5697ED68}.Release|x64.Build.0 = Release|x64
		{4DBE97F3-7290-4B74-B755-68EE5697ED68}.Release|x86.ActiveCfg = Release|Win32
		{4DBE97F3-7290-4B74-B755-68EE5697ED68}.Release|x86.Build.0 = Release|Win32
		{81624AFF-6E28-40F4-B9F3-FE4571817352}.Debug|x64.ActiveCfg = Debug|x64
		{81624AFF-6E28-40F4-B9F3-FE4571817352}.Debug|x64.Build.0 = Debug|x64
		{81624AFF-6E28-40F4-B9F3-FE4571817352}.Debug|x86.ActiveCfg = Debug|Win32
		{81624AFF-6E28-40F4-B9F3-FE4571817352}.Debug|x86.Build.0 = Debug|Win32
		{81624AFF-6E28-40F4-B9F3-FE4571817352}.Release|x64.ActiveCfg = Release|x64
		{81624AFF-6E28-40F4-B9F3-FE4571817352}.Release|x64.Build.0 = Release|x64
		{81624AFF-6E28-40F4-B9F3-FE4571817352}.Release|x86.ActiveCfg = Release|Win32
		{81624AFF-6E28-40F4-B9F3-FE4571817352}.Release|x86.Build.0 = Release|Win32
		{1AB3B1E5-6F5C-447A-A5C3-4AB565ED828D}.Debug|x64.ActiveCfg = Debug|x64
		{1AB3B1E5-6F5C-447A-A5C3-4AB565ED828D}.Debug|x64.Build.0 = Debug|x64
		{1AB3B1E5-6F5C-447A-A5C3-4AB565ED828D}.Debug|x86.ActiveCfg = Debug|Win32
		{1AB3B1E5-6F5C-447A-A5C3-4AB565ED828D}.Debug|x86.Build.0 = Debug|Win32
		{1AB3B1E5-6F5C-447A-A5C3-4AB565ED828D}.Release|x64.ActiveCfg = Release|x64
		{1AB3B1E5-6F5C-447A-A5C3-4AB565ED828D}.Release|x64.Build.0 = Release|x64
		{1AB3B1E5-6F5C-447A-A5C3-4AB565ED828D}.Release|x86.ActiveCfg = Release|Win32
		{1AB3B1E5-6F5C-447A-A5C3-4AB565ED828D}.Release|x86.Build.0 = Release|Win32
		{3D308C62-5F51-4620-8413-AAD40633BAD7}.Debug|x64.ActiveCfg = Debug|x64
		{3D308C62-5F51-4620-8413-AAD40633BAD7}.Debug|x64.Build.0 = Debug|x64
		{3D308C62-5F51-4620-8413-AAD40633BAD7}.Debug|x86.ActiveCfg = Debug|Win32
		{3D308C62-5F51-4620-8413-AAD40633BAD7}.Debug|x86.Build.0 = Debug|Win32
		{3D308C62-5F51-4620-8413-AAD40633BAD7}.Release|x64.ActiveCfg = Release|x64
		{3D308C62-5F51-4620-8413-AAD40633BAD7}.Release|x64.Build.0 = Release|x64
		{3D308C62-5F51-4620-8413-AAD40633BAD7}.Release|x86.ActiveCfg = Release|Win32
		{3D308C62-5F51-4620-8413-AAD40633BAD7}.Release|x86.Build.0 = Release|Win32
		{EF4A3188-CA93-45A2-AB52-7548669E3AA8}.Debug|x64.ActiveCfg = Debug|Win32
		{EF4A3188-CA93-45A2-AB52-7548669E3AA8}.Debug|x86.ActiveCfg = Debug|Win32
		{EF4A3188-CA93-45A2-AB52-7548669E3AA8}.Debug|x86.Build.0 = Debug|Win32
		{EF4A3188-CA93-45A2-AB52-7548669E3AA8}.Release|x64.ActiveCfg = Release|Win32
		{EF4A3188-CA93-45A2-AB52-7548669E3AA8}.Release|x86.ActiveCfg = Release|Win32
		{EF4A3188-CA93-45A2-AB52-7548669E3AA8}.Release|x86.Build.0 = Release|Win32
		{77E3FC51-D60D-4FD9-B6C0-66515668A77E}.Debug|x64.ActiveCfg = Debug|x64
		{77E3FC51-D60D-4FD9-B6C0-66515668A77E}.Debug|x64.Build.0 = Debug|x64
		{77E3FC51-D60D-4FD9-B6C0-66515668A77E}.Debug|x86.ActiveCfg = Debug|Win32
		{77E3FC51-D60D-4FD9-B6C0-66515668A77E}.Debug|x86.Build.0 = Debug|Win32
		{77E3FC51-D60D-4FD9-B6C0-66515668A77E}.Release|x64.ActiveCfg = Release|x64
		{77E3FC51-D60D-4FD9-B6C0-66515668A77E}.Release|x64.Build.0 = Release|x64
		{77E3FC51-D60D-4FD9-B6C0-66515668A77E}.Release|x86.ActiveCfg = Release|Win32
		{77E3FC51-D60D-4FD9-B6C0-66515668A77E}.Release|x86.Build.0 = Release|Win32
		{4B76BEC2-F23B-4C86-BBE2-5EC78986F18C}.Debug|x64.ActiveCfg = Debug|x64
		{4B76BEC2-F23B-4C86-BBE2-5EC78986F18C}.Debug|x64.Build.0 = Debug|x64
		{4B76BEC2-F23B-4C86-BBE2-5EC78986F18C}.Debug|x86.ActiveCfg = Debug|Win32
		{4B76BEC2-F23B-4C86-BBE2-5EC78986F18C}.Debug|x86.Build.0 = Debug|Win32
		{4B76BEC2-F23B-4C86-BBE2-5EC78986F18C}.Release|x64.ActiveCfg = Release|x64
		{4B76BEC2-F23B-4C86-BBE2-5EC78986F18C}.Release|x64.Build.0 = Release|x64
		{4B76BEC2-F23B-4C86-BBE2-5EC78986F18C}.Release|x86.ActiveCfg = Release|Win32
		{4B76BEC2-F23B-4C86-BBE2-5EC78986F18C}.Release|x86.Build.0 = Release|Win32
		{77BE9964-7862-4D05-AFF0-B42718AAE386}.Debug|x64.ActiveCfg = Debug|x64
		{77BE9964-7862-4D05-AFF0-B42718AAE386}.Debug|x64.Build.0 = Debug|x64
		{77BE9964-7862-4D05-AFF0-B42718AAE386}.Debug|x86.ActiveCfg = Debug|Win32
		{77BE9964-7862-4D05-AFF0-B42718AAE386}.Debug|x86.Build.0 = Debug|Win32
		{77BE9964-7862-4D05-AFF0-B42718AAE386}.Release|x64.ActiveCfg = Release|x64
		{77BE9964-7862-4D05-AFF0-B42718AAE386}.Release|x64.Build.0 = Release|x64
		{77BE9964-7862-4D05-AFF0-B42718AAE386}.Release|x86.ActiveCfg = Release|Win32
		{77BE9964-7862-4D05-AFF0-B42718AAE386}.Release|x86.Build.0 = Release|Win32
		{0AE7CD6E-0797-422E-8DB9-407E517624A5}.Debug|x64.ActiveCfg = Debug|x64
		{0AE7CD6E-0797-422E-8DB9-407E517624A5}.Debug|x64.Build.0 = Debug|x64
		{0AE7CD6E-0797-422E-8DB9-407E517624A5}.Debug|x86.ActiveCfg = Debug|Win32
		{0AE7CD6E-0797-422E-8DB9-407E517624A5}.Debug|x86.Build.0 = Debug|Win32
		{0AE7CD6E-0797-422E-8DB9-407E517624A5}.Release|x64.ActiveCfg = Release|x64
		{0AE7CD6E-0797-422E-8DB9-407E517624A5}.Release|x64.Build.0 = Release|x64
		{0AE7CD6E-0797-422E-8DB9-407E517624A5}.Release|x86.ActiveCfg = Release|Win32
		{0AE7CD6E-0797-422E-8DB9-407E517624A5}.Release|x86.Build.0 = Release|Win32
		{C1131546-C8AE-4A24-A866-4A28DFDB72B9}.Debug|x64.ActiveCfg = Debug|x64
		{C1131546-C8AE-4A24-A866-4A28DFDB72B9}.Debug|x64.Build.0 = Debug|x64
		{C1131546-C8AE-4A24-A866-4A28DFDB72B9}.Debug|x86.ActiveCfg = Debug|Win32
		{C1131546-C8AE-4A24-A866-4A28DFDB72B9}.Debug|x86.Build.0 = Debug|Win32
		{C1131546-C8AE-4A24-A866-4A28DFDB72B9}.Release|x64.ActiveCfg = Release|x64
		{C1131546-C8AE-4A24-A866-4A28DFDB72B9}.Release|x64.Build.0 = Release|x64
		{C1131546-C8AE-4A24-A866-4A28DFDB72B9}.Release|x86.ActiveCfg = Release|Win32
		{C1131546-C8AE-4A24-A866-4A28DFDB72B9}.Release|x86.Build.0 = Release|Win32
		{FD63AD3D-4A25-4F5C-BD43-1E19192357F2}.Debug|x64.ActiveCfg = Debug|x64
		{FD63AD3D-4A25-4F5C-BD43-1E19192357F2}.Debug|x64.Build.0 = Debug|x64
		{FD63AD3D-4A25-4F5C-BD43-1E19192357F2}.Debug|x86.ActiveCfg = Debug|Win32
		{FD63AD3D-4A25-4F5C-BD43-1E19192357F2}.Debug|x86.Build.0 = Debug|Win32
		{FD63AD3D-4A25-4F5C-BD43-1E19192357F2}.Release|x64.ActiveCfg = Release|x64
		{FD63AD3D-4A25-4F5C-BD43-1E19192357F2}.Release|x64.Build.0 = Release|x64
		{FD63AD3D-4A25-4F5C-BD43-1E19192357F2}.Release|x86.ActiveCfg = Release|Win32
		{FD63AD3D-4A25-4F5C-BD43-1E19192357F2}.Release|x86.Build.0 = Release|Win32
		{462B43B2-8B13-4178-BF2A-903F76F1985C}.Debug|x64.ActiveCfg = Debug|x64
		{462B43B2-8B13-4178-BF2A-903F76F1985C}.Debug|x64.Build.0 = Debug|x64
		{462B43B2-8B13-4178-BF2A-903F76F1985C}.Debug|x86.ActiveCfg = Debug|Win32
		{462B43B2-8B13-4178-BF2A-903F76F1985C}.Debug|x86.Build.0 = Debug|Win32
		{462B43B2-8B13-4178-BF2A-903F76F1985C}.Release|x64.ActiveCfg = Release|x64
		{462B43B2-8B13-4178-BF2A-903F76F1985C}.Release|x64.Build.0 = Release|x64
		{462B43B2-8B13-4178-BF2A-903F76F1985C}.Release|x86.ActiveCfg = Release|Win32
		{462B43B2-8B13-4178-BF2A-903F76F1985C}.Release|x86.Build.0 = Release|Win32
		{139C7A88-FD08-4A36-8E71-322B14E8E8A1}.Debug|x64.ActiveCfg = Debug|x64
		{139C7A88-FD08-4A36-8E71-322B14E8E8A1}.Debug|x64.Build.0 = Debug|x64
		{139C7A88-FD08-4A36-8E71-322B14E8E8A1}.Debug|x86.ActiveCfg = Debug|Win32
		{139C7A88-FD08-4A36-8E71-322B14E8E8A1}.Debug|x86.Build.0 = Debug|Win32
		{139C7A88-FD08-4A36-8E71-322B14E8E8A1}.Release|x64.ActiveCfg = Release|x64
		{139C7A88-FD08-4A36-8E71-322B14E8E8A1}.Release|x64.Build.0 = Release|x64
		{139C7A88-FD08-4A36-8E71-322B14E8E8A1}.Release|x86.ActiveCfg = Release|Win32
		{139C7A88-FD08-4A36-8E71-322B14E8E8A1}.Release|x86.Build.0 = Release|Win32
	EndGlobalSection
	GlobalSection(SolutionProperties) = preSolution
		HideSolutionNode = FALSE
	EndGlobalSection
EndGlobal
